
Microsoft Visual Studio Solution File, Format Version 12.00
# Visual Studio Version 17
VisualStudioVersion = 17.5.33424.131
MinimumVisualStudioVersion = 10.0.40219.1
Project("{2150E333-8FDC-42A3-9474-1A3956D46DE8}") = "src", "src", "{B7ABA0C5-0CA7-4687-8BD4-A47CBB4806DF}"
EndProject
Project("{2150E333-8FDC-42A3-9474-1A3956D46DE8}") = "Core", "src\Core", "{E3FAB066-C19C-4EE9-9401-6D30AD10AE56}"
EndProject
Project("{2150E333-8FDC-42A3-9474-1A3956D46DE8}") = "Infraestructure", "src\Infraestructure", "{C746ED72-E5A7-49E7-B33A-AB6E87ADD27F}"
EndProject
Project("{2150E333-8FDC-42A3-9474-1A3956D46DE8}") = "Presentation", "src\Presentation", "{25801666-1092-46E0-82DC-C4231DC18F77}"
EndProject
Project("{FAE04EC0-301F-11D3-BF4B-00C04F79EFBC}") = "Domain", "src\Domain\Domain.csproj", "{CB793138-7BA4-406D-8995-3CFDEF01EA28}"
EndProject
Project("{FAE04EC0-301F-11D3-BF4B-00C04F79EFBC}") = "Application", "src\Application\Application.csproj", "{8F95CB32-B832-4B50-A293-321303D310E1}"
EndProject
Project("{FAE04EC0-301F-11D3-BF4B-00C04F79EFBC}") = "Persistence", "src\Persistence\Persistence.csproj", "{161D4129-042F-4DBE-A2A5-750F196C9A18}"
EndProject
Project("{FAE04EC0-301F-11D3-BF4B-00C04F79EFBC}") = "Shared", "src\Shared\Shared.csproj", "{F79716AE-19B3-495A-8A27-C129F835C6D8}"
EndProject
Project("{FAE04EC0-301F-11D3-BF4B-00C04F79EFBC}") = "ResourceServiceApi", "src\ResourceServiceApi\ResourceServiceApi.csproj", "{C1865865-9BCE-46AF-9BED-6B1D51D1D6F2}"
EndProject
Project("{FAE04EC0-301F-11D3-BF4B-00C04F79EFBC}") = "Atos.Core", "..\Atos.Core\src\Atos.Core\Atos.Core.csproj", "{B62DCADE-EE59-4361-BC82-607B38652F36}"
EndProject
Global
	GlobalSection(SolutionConfigurationPlatforms) = preSolution
		Debug|Any CPU = Debug|Any CPU
		Release|Any CPU = Release|Any CPU
	EndGlobalSection
	GlobalSection(ProjectConfigurationPlatforms) = postSolution
		{CB793138-7BA4-406D-8995-3CFDEF01EA28}.Debug|Any CPU.ActiveCfg = Debug|Any CPU
		{CB793138-7BA4-406D-8995-3CFDEF01EA28}.Debug|Any CPU.Build.0 = Debug|Any CPU
		{CB793138-7BA4-406D-8995-3CFDEF01EA28}.Release|Any CPU.ActiveCfg = Release|Any CPU
		{CB793138-7BA4-406D-8995-3CFDEF01EA28}.Release|Any CPU.Build.0 = Release|Any CPU
		{8F95CB32-B832-4B50-A293-321303D310E1}.Debug|Any CPU.ActiveCfg = Debug|Any CPU
		{8F95CB32-B832-4B50-A293-321303D310E1}.Debug|Any CPU.Build.0 = Debug|Any CPU
		{8F95CB32-B832-4B50-A293-321303D310E1}.Release|Any CPU.ActiveCfg = Release|Any CPU
		{8F95CB32-B832-4B50-A293-321303D310E1}.Release|Any CPU.Build.0 = Release|Any CPU
		{161D4129-042F-4DBE-A2A5-750F196C9A18}.Debug|Any CPU.ActiveCfg = Debug|Any CPU
		{161D4129-042F-4DBE-A2A5-750F196C9A18}.Debug|Any CPU.Build.0 = Debug|Any CPU
		{161D4129-042F-4DBE-A2A5-750F196C9A18}.Release|Any CPU.ActiveCfg = Release|Any CPU
		{161D4129-042F-4DBE-A2A5-750F196C9A18}.Release|Any CPU.Build.0 = Release|Any CPU
		{F79716AE-19B3-495A-8A27-C129F835C6D8}.Debug|Any CPU.ActiveCfg = Debug|Any CPU
		{F79716AE-19B3-495A-8A27-C129F835C6D8}.Debug|Any CPU.Build.0 = Debug|Any CPU
		{F79716AE-19B3-495A-8A27-C129F835C6D8}.Release|Any CPU.ActiveCfg = Release|Any CPU
		{F79716AE-19B3-495A-8A27-C129F835C6D8}.Release|Any CPU.Build.0 = Release|Any CPU
		{C1865865-9BCE-46AF-9BED-6B1D51D1D6F2}.Debug|Any CPU.ActiveCfg = Debug|Any CPU
		{C1865865-9BCE-46AF-9BED-6B1D51D1D6F2}.Debug|Any CPU.Build.0 = Debug|Any CPU
		{C1865865-9BCE-46AF-9BED-6B1D51D1D6F2}.Release|Any CPU.ActiveCfg = Release|Any CPU
		{C1865865-9BCE-46AF-9BED-6B1D51D1D6F2}.Release|Any CPU.Build.0 = Release|Any CPU
		{B62DCADE-EE59-4361-BC82-607B38652F36}.Debug|Any CPU.ActiveCfg = Debug|Any CPU
		{B62DCADE-EE59-4361-BC82-607B38652F36}.Debug|Any CPU.Build.0 = Debug|Any CPU
		{B62DCADE-EE59-4361-BC82-607B38652F36}.Release|Any CPU.ActiveCfg = Release|Any CPU
		{B62DCADE-EE59-4361-BC82-607B38652F36}.Release|Any CPU.Build.0 = Release|Any CPU
	EndGlobalSection
	GlobalSection(SolutionProperties) = preSolution
		HideSolutionNode = FALSE
	EndGlobalSection
	GlobalSection(NestedProjects) = preSolution
		{E3FAB066-C19C-4EE9-9401-6D30AD10AE56} = {B7ABA0C5-0CA7-4687-8BD4-A47CBB4806DF}
		{C746ED72-E5A7-49E7-B33A-AB6E87ADD27F} = {B7ABA0C5-0CA7-4687-8BD4-A47CBB4806DF}
		{25801666-1092-46E0-82DC-C4231DC18F77} = {B7ABA0C5-0CA7-4687-8BD4-A47CBB4806DF}
		{CB793138-7BA4-406D-8995-3CFDEF01EA28} = {E3FAB066-C19C-4EE9-9401-6D30AD10AE56}
		{8F95CB32-B832-4B50-A293-321303D310E1} = {E3FAB066-C19C-4EE9-9401-6D30AD10AE56}
		{161D4129-042F-4DBE-A2A5-750F196C9A18} = {C746ED72-E5A7-49E7-B33A-AB6E87ADD27F}
		{F79716AE-19B3-495A-8A27-C129F835C6D8} = {C746ED72-E5A7-49E7-B33A-AB6E87ADD27F}
		{C1865865-9BCE-46AF-9BED-6B1D51D1D6F2} = {25801666-1092-46E0-82DC-C4231DC18F77}
	EndGlobalSection
	GlobalSection(ExtensibilityGlobals) = postSolution
		SolutionGuid = {B25C3DFA-5D16-412A-95E1-8F50A85361DB}
	EndGlobalSection
EndGlobal
